{
  "name": "readmix",
  "version": "0.6.2",
  "lockfileVersion": 3,
  "requires": true,
  "packages": {
    "": {
      "name": "readmix",
      "version": "0.6.2",
      "license": "MIT",
      "dependencies": {
        "nunjucks": "^3.2.4"
      },
      "bin": {
        "readmix": "cli.js"
      },
      "devDependencies": {
        "@types/nunjucks": "^3.2.2"
      }
    },
    "node_modules/@types/nunjucks": {
      "version": "3.2.2",
      "resolved": "https://registry.npmjs.org/@types/nunjucks/-/nunjucks-3.2.2.tgz",
      "integrity": "sha512-qarGBZOVxv1pF6BxQHwYHYYxim/TCm3aXF8BUt/kyF/+xi/DXMoj1Bhw3hXVBl2Yov+w47reDldm0iXXFZTotA==",
      "dev": true
    },
    "node_modules/a-sync-waterfall": {
      "version": "1.0.1",
      "resolved": "https://registry.npmjs.org/a-sync-waterfall/-/a-sync-waterfall-1.0.1.tgz",
      "integrity": "sha512-RYTOHHdWipFUliRFMCS4X2Yn2X8M87V/OpSqWzKKOGhzqyUxzyVmhHDH9sAvG+ZuQf/TAOFsLCpMw09I1ufUnA=="
    },
    "node_modules/asap": {
      "version": "2.0.6",
      "resolved": "https://registry.npmjs.org/asap/-/asap-2.0.6.tgz",
      "integrity": "sha512-BSHWgDSAiKs50o2Re8ppvp3seVHXSRM44cdSsT9FfNEUUZLOGWVCsiWaRPWM1Znn+mqZ1OfVZ3z3DWEzSp7hRA=="
    },
    "node_modules/commander": {
      "version": "5.1.0",
      "resolved": "https://registry.npmjs.org/commander/-/commander-5.1.0.tgz",
      "integrity": "sha512-P0CysNDQ7rtVw4QIQtm+MRxV66vKFSvlsQvGYXZWR3qFU0jlMKHZZZgw8e+8DSah4UDKMqnknRDQz+xuQXQ/Zg==",
      "engines": {
        "node": ">= 6"
      }
    },
    "node_modules/nunjucks": {
      "version": "3.2.4",
      "resolved": "https://registry.npmjs.org/nunjucks/-/nunjucks-3.2.4.tgz",
      "integrity": "sha512-26XRV6BhkgK0VOxfbU5cQI+ICFUtMLixv1noZn1tGU38kQH5A5nmmbk/O45xdyBhD1esk47nKrY0mvQpZIhRjQ==",
      "dependencies": {
        "a-sync-waterfall": "^1.0.0",
        "asap": "^2.0.3",
        "commander": "^5.1.0"
      },
      "bin": {
        "nunjucks-precompile": "bin/precompile"
      },
      "engines": {
        "node": ">= 6.9.0"
      },
      "peerDependencies": {
        "chokidar": "^3.3.0"
      },
      "peerDependenciesMeta": {
        "chokidar": {
          "optional": true
        }
      }
    }
  }
}
